{
  "lib/axelar-cgp-solidity": {
    "rev": "b323ae613a4286e4849bbf81dd8922e80fe4fdca"
  },
  "lib/axelar-gmp-sdk-solidity": {
    "rev": "787fa30c907429a77987d9f66afb4fc9d982fa2b"
  },
  "lib/axelar-gmp-sdk-solidity-cgp-compat": {
    "rev": "3157ba4f704de408e356ad8236b5d81bbc82d7cb"
  },
  "lib/forge-std": {
    "rev": "bb4ceea94d6f10eeb5b41dc2391c6c8bf8e734ef"
  },
  "lib/interchain-token-service": {
    "rev": "cc6ef7282e18c6b2842cbf1098b06161e38ea32e"
  },
  "lib/openzeppelin-contracts": {
    "rev": "dbb6104ce834628e473d2173bbc9d47f81a9eec3"
  }
}